
Microsoft Visual Studio Solution File, Format Version 12.00
# Visual Studio 15
VisualStudioVersion = 15.0.26430.15
MinimumVisualStudioVersion = 10.0.40219.1
Project("{FAE04EC0-301F-11D3-BF4B-00C04F79EFBC}") = "Producer", "Producer\Producer.csproj", "{C2E0D070-FD65-4E05-91E2-63353E120379}"
EndProject
Project("{FAE04EC0-301F-11D3-BF4B-00C04F79EFBC}") = "Consumer", "Consumer\Consumer.csproj", "{33DD73D0-78A4-495E-B59B-B65DA372B214}"
EndProject
Project("{FAE04EC0-301F-11D3-BF4B-00C04F79EFBC}") = "NewTask", "NewTask\NewTask.csproj", "{8046ECC5-EE83-47BC-9308-ACAD04CE6C50}"
EndProject
Project("{FAE04EC0-301F-11D3-BF4B-00C04F79EFBC}") = "Worker", "Worker\Worker.csproj", "{74308226-7516-405D-A1E2-760128F1FA0B}"
EndProject
Project("{FAE04EC0-301F-11D3-BF4B-00C04F79EFBC}") = "EmitLog", "EmitLog\EmitLog.csproj", "{ADB2B614-CA06-42CC-B621-AE8DA7203024}"
EndProject
Project("{FAE04EC0-301F-11D3-BF4B-00C04F79EFBC}") = "ReceiveLogs", "ReceiveLogs\ReceiveLogs.csproj", "{D791C6D9-668F-4656-9607-2C0E5C0559CA}"
EndProject
Global
	GlobalSection(SolutionConfigurationPlatforms) = preSolution
		Debug|Any CPU = Debug|Any CPU
		Release|Any CPU = Release|Any CPU
	EndGlobalSection
	GlobalSection(ProjectConfigurationPlatforms) = postSolution
		{C2E0D070-FD65-4E05-91E2-63353E120379}.Debug|Any CPU.ActiveCfg = Debug|Any CPU
		{C2E0D070-FD65-4E05-91E2-63353E120379}.Debug|Any CPU.Build.0 = Debug|Any CPU
		{C2E0D070-FD65-4E05-91E2-63353E120379}.Release|Any CPU.ActiveCfg = Release|Any CPU
		{C2E0D070-FD65-4E05-91E2-63353E120379}.Release|Any CPU.Build.0 = Release|Any CPU
		{33DD73D0-78A4-495E-B59B-B65DA372B214}.Debug|Any CPU.ActiveCfg = Debug|Any CPU
		{33DD73D0-78A4-495E-B59B-B65DA372B214}.Debug|Any CPU.Build.0 = Debug|Any CPU
		{33DD73D0-78A4-495E-B59B-B65DA372B214}.Release|Any CPU.ActiveCfg = Release|Any CPU
		{33DD73D0-78A4-495E-B59B-B65DA372B214}.Release|Any CPU.Build.0 = Release|Any CPU
		{8046ECC5-EE83-47BC-9308-ACAD04CE6C50}.Debug|Any CPU.ActiveCfg = Debug|Any CPU
		{8046ECC5-EE83-47BC-9308-ACAD04CE6C50}.Debug|Any CPU.Build.0 = Debug|Any CPU
		{8046ECC5-EE83-47BC-9308-ACAD04CE6C50}.Release|Any CPU.ActiveCfg = Release|Any CPU
		{8046ECC5-EE83-47BC-9308-ACAD04CE6C50}.Release|Any CPU.Build.0 = Release|Any CPU
		{74308226-7516-405D-A1E2-760128F1FA0B}.Debug|Any CPU.ActiveCfg = Debug|Any CPU
		{74308226-7516-405D-A1E2-760128F1FA0B}.Debug|Any CPU.Build.0 = Debug|Any CPU
		{74308226-7516-405D-A1E2-760128F1FA0B}.Release|Any CPU.ActiveCfg = Release|Any CPU
		{74308226-7516-405D-A1E2-760128F1FA0B}.Release|Any CPU.Build.0 = Release|Any CPU
		{ADB2B614-CA06-42CC-B621-AE8DA7203024}.Debug|Any CPU.ActiveCfg = Debug|Any CPU
		{ADB2B614-CA06-42CC-B621-AE8DA7203024}.Debug|Any CPU.Build.0 = Debug|Any CPU
		{ADB2B614-CA06-42CC-B621-AE8DA7203024}.Release|Any CPU.ActiveCfg = Release|Any CPU
		{ADB2B614-CA06-42CC-B621-AE8DA7203024}.Release|Any CPU.Build.0 = Release|Any CPU
		{D791C6D9-668F-4656-9607-2C0E5C0559CA}.Debug|Any CPU.ActiveCfg = Debug|Any CPU
		{D791C6D9-668F-4656-9607-2C0E5C0559CA}.Debug|Any CPU.Build.0 = Debug|Any CPU
		{D791C6D9-668F-4656-9607-2C0E5C0559CA}.Release|Any CPU.ActiveCfg = Release|Any CPU
		{D791C6D9-668F-4656-9607-2C0E5C0559CA}.Release|Any CPU.Build.0 = Release|Any CPU
	EndGlobalSection
	GlobalSection(SolutionProperties) = preSolution
		HideSolutionNode = FALSE
	EndGlobalSection
EndGlobal
